
Microsoft Visual Studio Solution File, Format Version 12.00
# Visual Studio Version 17
VisualStudioVersion = 17.6.33723.286
MinimumVisualStudioVersion = 10.0.40219.1
Project("{FAE04EC0-301F-11D3-BF4B-00C04F79EFBC}") = "Courseforms", "Courseforms\Courseforms.csproj", "{9B053279-EC67-4D6C-B4AC-C677DA6B8BFC}"
EndProject
Global
	GlobalSection(SolutionConfigurationPlatforms) = preSolution
		Debug|Any CPU = Debug|Any CPU
		Release|Any CPU = Release|Any CPU
	EndGlobalSection
	GlobalSection(ProjectConfigurationPlatforms) = postSolution
		{9B053279-EC67-4D6C-B4AC-C677DA6B8BFC}.Debug|Any CPU.ActiveCfg = Debug|Any CPU
		{9B053279-EC67-4D6C-B4AC-C677DA6B8BFC}.Debug|Any CPU.Build.0 = Debug|Any CPU
		{9B053279-EC67-4D6C-B4AC-C677DA6B8BFC}.Release|Any CPU.ActiveCfg = Release|Any CPU
		{9B053279-EC67-4D6C-B4AC-C677DA6B8BFC}.Release|Any CPU.Build.0 = Release|Any CPU
	EndGlobalSection
	GlobalSection(SolutionProperties) = preSolution
		HideSolutionNode = FALSE
	EndGlobalSection
	GlobalSection(ExtensibilityGlobals) = postSolution
		SolutionGuid = {BFE1F1CD-D0B9-4ED9-AC28-935A0B1CC48D}
	EndGlobalSection
EndGlobal
